
Microsoft Visual Studio Solution File, Format Version 12.00
# Visual Studio 15
VisualStudioVersion = 15.0.28307.102
MinimumVisualStudioVersion = 10.0.40219.1
Project("{FAE04EC0-301F-11D3-BF4B-00C04F79EFBC}") = "EliteHook", "EliteHook\EliteHook.csproj", "{241CAC6A-C4F0-4B43-AB50-F6C0181B7EB1}"
EndProject
Global
	GlobalSection(SolutionConfigurationPlatforms) = preSolution
		Debug|Any CPU = Debug|Any CPU
		Release|Any CPU = Release|Any CPU
	EndGlobalSection
	GlobalSection(ProjectConfigurationPlatforms) = postSolution
		{241CAC6A-C4F0-4B43-AB50-F6C0181B7EB1}.Debug|Any CPU.ActiveCfg = Debug|Any CPU
		{241CAC6A-C4F0-4B43-AB50-F6C0181B7EB1}.Debug|Any CPU.Build.0 = Debug|Any CPU
		{241CAC6A-C4F0-4B43-AB50-F6C0181B7EB1}.Release|Any CPU.ActiveCfg = Release|Any CPU
		{241CAC6A-C4F0-4B43-AB50-F6C0181B7EB1}.Release|Any CPU.Build.0 = Release|Any CPU
	EndGlobalSection
	GlobalSection(SolutionProperties) = preSolution
		HideSolutionNode = FALSE
	EndGlobalSection
	GlobalSection(ExtensibilityGlobals) = postSolution
		SolutionGuid = {A82562C8-1FB7-436D-96AB-2FFE07EDCF9E}
	EndGlobalSection
EndGlobal
